
Microsoft Visual Studio Solution File, Format Version 12.00
# Visual Studio Version 17
VisualStudioVersion = 17.6.33801.468
MinimumVisualStudioVersion = 10.0.40219.1
Project("{9A19103F-16F7-4668-BE54-9A1E7A4F7556}") = "EFCoreProject", "EFCoreProject.csproj", "{1DF95536-E058-4955-8782-CF35BA0C0727}"
EndProject
Project("{FAE04EC0-301F-11D3-BF4B-00C04F79EFBC}") = "EFCoreProject.Tests", "..\EFCoreProject.Tests\EFCoreProject.Tests.csproj", "{53B0D905-EB96-4507-832F-A455A92AF139}"
EndProject
Global
	GlobalSection(SolutionConfigurationPlatforms) = preSolution
		Debug|Any CPU = Debug|Any CPU
		Release|Any CPU = Release|Any CPU
	EndGlobalSection
	GlobalSection(ProjectConfigurationPlatforms) = postSolution
		{1DF95536-E058-4955-8782-CF35BA0C0727}.Debug|Any CPU.ActiveCfg = Debug|Any CPU
		{1DF95536-E058-4955-8782-CF35BA0C0727}.Debug|Any CPU.Build.0 = Debug|Any CPU
		{1DF95536-E058-4955-8782-CF35BA0C0727}.Release|Any CPU.ActiveCfg = Release|Any CPU
		{1DF95536-E058-4955-8782-CF35BA0C0727}.Release|Any CPU.Build.0 = Release|Any CPU
		{53B0D905-EB96-4507-832F-A455A92AF139}.Debug|Any CPU.ActiveCfg = Debug|Any CPU
		{53B0D905-EB96-4507-832F-A455A92AF139}.Debug|Any CPU.Build.0 = Debug|Any CPU
		{53B0D905-EB96-4507-832F-A455A92AF139}.Release|Any CPU.ActiveCfg = Release|Any CPU
		{53B0D905-EB96-4507-832F-A455A92AF139}.Release|Any CPU.Build.0 = Release|Any CPU
	EndGlobalSection
	GlobalSection(SolutionProperties) = preSolution
		HideSolutionNode = FALSE
	EndGlobalSection
	GlobalSection(ExtensibilityGlobals) = postSolution
		SolutionGuid = {D3439F44-CC9B-4AE7-A04A-83CF5A310B53}
	EndGlobalSection
EndGlobal
